
Microsoft Visual Studio Solution File, Format Version 12.00
# Visual Studio 15
VisualStudioVersion = 15.0.27703.2035
MinimumVisualStudioVersion = 10.0.40219.1
Project("{FAE04EC0-301F-11D3-BF4B-00C04F79EFBC}") = "WebApplication4", "WebApplication4\WebApplication4.csproj", "{A77E1DA8-E8A4-4E71-9207-A3A767AEFB7C}"
EndProject
Global
	GlobalSection(SolutionConfigurationPlatforms) = preSolution
		Debug|Any CPU = Debug|Any CPU
		Release|Any CPU = Release|Any CPU
	EndGlobalSection
	GlobalSection(ProjectConfigurationPlatforms) = postSolution
		{A77E1DA8-E8A4-4E71-9207-A3A767AEFB7C}.Debug|Any CPU.ActiveCfg = Debug|Any CPU
		{A77E1DA8-E8A4-4E71-9207-A3A767AEFB7C}.Debug|Any CPU.Build.0 = Debug|Any CPU
		{A77E1DA8-E8A4-4E71-9207-A3A767AEFB7C}.Release|Any CPU.ActiveCfg = Release|Any CPU
		{A77E1DA8-E8A4-4E71-9207-A3A767AEFB7C}.Release|Any CPU.Build.0 = Release|Any CPU
	EndGlobalSection
	GlobalSection(SolutionProperties) = preSolution
		HideSolutionNode = FALSE
	EndGlobalSection
	GlobalSection(ExtensibilityGlobals) = postSolution
		SolutionGuid = {0DF3135F-2B15-41C8-A541-28A4142139FE}
	EndGlobalSection
EndGlobal
